
Microsoft Visual Studio Solution File, Format Version 12.00
Project("{FAE04EC0-301F-11D3-BF4B-00C04F79EFBC}") = "Raiffeisen.RegistarMjenicaBackend", "Raiffeisen.RegistarMjenicaBackend\Raiffeisen.RegistarMjenicaBackend.csproj", "{7D68E3B0-F31E-44B3-BCBD-62054A007DF1}"
EndProject
Project("{FAE04EC0-301F-11D3-BF4B-00C04F79EFBC}") = "Raiffeisen.RegistarMjenicaBackend.DataAccess", "Raiffeisen.RegistarMjenicaBackend.DataAccess\Raiffeisen.RegistarMjenicaBackend.DataAccess.csproj", "{719D2C36-8A4F-42B0-BF7B-2BF13E1D2055}"
EndProject
Project("{FAE04EC0-301F-11D3-BF4B-00C04F79EFBC}") = "Raiffeisen.RegistarMjenicaBackend.Services", "Raiffeisen.RegistarMjenicaBackend.Services\Raiffeisen.RegistarMjenicaBackend.Services.csproj", "{380256EC-085C-4A80-B310-88AF61EFD7EE}"
EndProject
Project("{E53339B2-1760-4266-BCC7-CA923CBCF16C}") = "docker-compose", "docker-compose.dcproj", "{7488261E-581E-40D1-BA5B-B043AC2DD991}"
EndProject
Global
	GlobalSection(SolutionConfigurationPlatforms) = preSolution
		Debug|Any CPU = Debug|Any CPU
		Release|Any CPU = Release|Any CPU
	EndGlobalSection
	GlobalSection(ProjectConfigurationPlatforms) = postSolution
		{7D68E3B0-F31E-44B3-BCBD-62054A007DF1}.Debug|Any CPU.ActiveCfg = Debug|Any CPU
		{7D68E3B0-F31E-44B3-BCBD-62054A007DF1}.Debug|Any CPU.Build.0 = Debug|Any CPU
		{7D68E3B0-F31E-44B3-BCBD-62054A007DF1}.Release|Any CPU.ActiveCfg = Release|Any CPU
		{7D68E3B0-F31E-44B3-BCBD-62054A007DF1}.Release|Any CPU.Build.0 = Release|Any CPU
		{719D2C36-8A4F-42B0-BF7B-2BF13E1D2055}.Debug|Any CPU.ActiveCfg = Debug|Any CPU
		{719D2C36-8A4F-42B0-BF7B-2BF13E1D2055}.Debug|Any CPU.Build.0 = Debug|Any CPU
		{719D2C36-8A4F-42B0-BF7B-2BF13E1D2055}.Release|Any CPU.ActiveCfg = Release|Any CPU
		{719D2C36-8A4F-42B0-BF7B-2BF13E1D2055}.Release|Any CPU.Build.0 = Release|Any CPU
		{380256EC-085C-4A80-B310-88AF61EFD7EE}.Debug|Any CPU.ActiveCfg = Debug|Any CPU
		{380256EC-085C-4A80-B310-88AF61EFD7EE}.Debug|Any CPU.Build.0 = Debug|Any CPU
		{380256EC-085C-4A80-B310-88AF61EFD7EE}.Release|Any CPU.ActiveCfg = Release|Any CPU
		{380256EC-085C-4A80-B310-88AF61EFD7EE}.Release|Any CPU.Build.0 = Release|Any CPU
	EndGlobalSection
	GlobalSection(NestedProjects) = preSolution
	EndGlobalSection
EndGlobal
